
Microsoft Visual Studio Solution File, Format Version 12.00
# Visual Studio 14
VisualStudioVersion = 14.0.25123.0
MinimumVisualStudioVersion = 10.0.40219.1
Project("{FAE04EC0-301F-11D3-BF4B-00C04F79EFBC}") = "ObserverPattern", "ObserverPattern\ObserverPattern.csproj", "{60F77227-3A69-47EF-A2AD-B887FD359942}"
EndProject
Project("{FAE04EC0-301F-11D3-BF4B-00C04F79EFBC}") = "PatternsTest", "PatternsTest\PatternsTest.csproj", "{0325E235-FECB-439F-9180-3C69065643A0}"
EndProject
Project("{FAE04EC0-301F-11D3-BF4B-00C04F79EFBC}") = "AdapterPattern", "AdapterPattern\AdapterPattern.csproj", "{7002B0C4-2FBF-489E-AF1D-063A9529B0D8}"
EndProject
Global
	GlobalSection(SolutionConfigurationPlatforms) = preSolution
		Debug|Any CPU = Debug|Any CPU
		Release|Any CPU = Release|Any CPU
	EndGlobalSection
	GlobalSection(ProjectConfigurationPlatforms) = postSolution
		{60F77227-3A69-47EF-A2AD-B887FD359942}.Debug|Any CPU.ActiveCfg = Debug|Any CPU
		{60F77227-3A69-47EF-A2AD-B887FD359942}.Debug|Any CPU.Build.0 = Debug|Any CPU
		{60F77227-3A69-47EF-A2AD-B887FD359942}.Release|Any CPU.ActiveCfg = Release|Any CPU
		{60F77227-3A69-47EF-A2AD-B887FD359942}.Release|Any CPU.Build.0 = Release|Any CPU
		{0325E235-FECB-439F-9180-3C69065643A0}.Debug|Any CPU.ActiveCfg = Debug|Any CPU
		{0325E235-FECB-439F-9180-3C69065643A0}.Debug|Any CPU.Build.0 = Debug|Any CPU
		{0325E235-FECB-439F-9180-3C69065643A0}.Release|Any CPU.ActiveCfg = Release|Any CPU
		{0325E235-FECB-439F-9180-3C69065643A0}.Release|Any CPU.Build.0 = Release|Any CPU
		{7002B0C4-2FBF-489E-AF1D-063A9529B0D8}.Debug|Any CPU.ActiveCfg = Debug|Any CPU
		{7002B0C4-2FBF-489E-AF1D-063A9529B0D8}.Debug|Any CPU.Build.0 = Debug|Any CPU
		{7002B0C4-2FBF-489E-AF1D-063A9529B0D8}.Release|Any CPU.ActiveCfg = Release|Any CPU
		{7002B0C4-2FBF-489E-AF1D-063A9529B0D8}.Release|Any CPU.Build.0 = Release|Any CPU
	EndGlobalSection
	GlobalSection(SolutionProperties) = preSolution
		HideSolutionNode = FALSE
	EndGlobalSection
EndGlobal
