
Microsoft Visual Studio Solution File, Format Version 12.00
# Visual Studio 14
VisualStudioVersion = 14.0.25123.0
MinimumVisualStudioVersion = 10.0.40219.1
Project("{FAE04EC0-301F-11D3-BF4B-00C04F79EFBC}") = "ObserverPattern", "ObserverPattern\ObserverPattern.csproj", "{60F77227-3A69-47EF-A2AD-B887FD359942}"
EndProject
Project("{FAE04EC0-301F-11D3-BF4B-00C04F79EFBC}") = "PatternsTest", "PatternsTest\PatternsTest.csproj", "{0325E235-FECB-439F-9180-3C69065643A0}"
EndProject
Project("{FAE04EC0-301F-11D3-BF4B-00C04F79EFBC}") = "AdapterPattern", "AdapterPattern\AdapterPattern.csproj", "{7002B0C4-2FBF-489E-AF1D-063A9529B0D8}"
EndProject
Project("{FAE04EC0-301F-11D3-BF4B-00C04F79EFBC}") = "FactoryPattern", "FactoryPattern\FactoryPattern.csproj", "{75E34CAA-AD5D-47A4-95DC-AB5C331CBAA3}"
EndProject
Project("{FAE04EC0-301F-11D3-BF4B-00C04F79EFBC}") = "StrategyPattern", "StrategyPattern\StrategyPattern.csproj", "{7FA27031-4880-4A5D-A818-7FFDB905E95D}"
EndProject
Project("{FAE04EC0-301F-11D3-BF4B-00C04F79EFBC}") = "UnitOfWorkPattern", "UnitOfWorkPattern\UnitOfWorkPattern.csproj", "{C52E2ADB-D51B-44FF-B02B-73DDF2F533EE}"
EndProject
Project("{FAE04EC0-301F-11D3-BF4B-00C04F79EFBC}") = "RepositoryPattern", "RepositoryPattern\RepositoryPattern.csproj", "{FF8E5588-4CC7-4450-89DE-EE4C817446B8}"
EndProject
Global
	GlobalSection(SolutionConfigurationPlatforms) = preSolution
		Debug|Any CPU = Debug|Any CPU
		Release|Any CPU = Release|Any CPU
	EndGlobalSection
	GlobalSection(ProjectConfigurationPlatforms) = postSolution
		{60F77227-3A69-47EF-A2AD-B887FD359942}.Debug|Any CPU.ActiveCfg = Debug|Any CPU
		{60F77227-3A69-47EF-A2AD-B887FD359942}.Debug|Any CPU.Build.0 = Debug|Any CPU
		{60F77227-3A69-47EF-A2AD-B887FD359942}.Release|Any CPU.ActiveCfg = Release|Any CPU
		{60F77227-3A69-47EF-A2AD-B887FD359942}.Release|Any CPU.Build.0 = Release|Any CPU
		{0325E235-FECB-439F-9180-3C69065643A0}.Debug|Any CPU.ActiveCfg = Debug|Any CPU
		{0325E235-FECB-439F-9180-3C69065643A0}.Debug|Any CPU.Build.0 = Debug|Any CPU
		{0325E235-FECB-439F-9180-3C69065643A0}.Release|Any CPU.ActiveCfg = Release|Any CPU
		{0325E235-FECB-439F-9180-3C69065643A0}.Release|Any CPU.Build.0 = Release|Any CPU
		{7002B0C4-2FBF-489E-AF1D-063A9529B0D8}.Debug|Any CPU.ActiveCfg = Debug|Any CPU
		{7002B0C4-2FBF-489E-AF1D-063A9529B0D8}.Debug|Any CPU.Build.0 = Debug|Any CPU
		{7002B0C4-2FBF-489E-AF1D-063A9529B0D8}.Release|Any CPU.ActiveCfg = Release|Any CPU
		{7002B0C4-2FBF-489E-AF1D-063A9529B0D8}.Release|Any CPU.Build.0 = Release|Any CPU
		{75E34CAA-AD5D-47A4-95DC-AB5C331CBAA3}.Debug|Any CPU.ActiveCfg = Debug|Any CPU
		{75E34CAA-AD5D-47A4-95DC-AB5C331CBAA3}.Debug|Any CPU.Build.0 = Debug|Any CPU
		{75E34CAA-AD5D-47A4-95DC-AB5C331CBAA3}.Release|Any CPU.ActiveCfg = Release|Any CPU
		{75E34CAA-AD5D-47A4-95DC-AB5C331CBAA3}.Release|Any CPU.Build.0 = Release|Any CPU
		{7FA27031-4880-4A5D-A818-7FFDB905E95D}.Debug|Any CPU.ActiveCfg = Debug|Any CPU
		{7FA27031-4880-4A5D-A818-7FFDB905E95D}.Debug|Any CPU.Build.0 = Debug|Any CPU
		{7FA27031-4880-4A5D-A818-7FFDB905E95D}.Release|Any CPU.ActiveCfg = Release|Any CPU
		{7FA27031-4880-4A5D-A818-7FFDB905E95D}.Release|Any CPU.Build.0 = Release|Any CPU
		{C52E2ADB-D51B-44FF-B02B-73DDF2F533EE}.Debug|Any CPU.ActiveCfg = Debug|Any CPU
		{C52E2ADB-D51B-44FF-B02B-73DDF2F533EE}.Debug|Any CPU.Build.0 = Debug|Any CPU
		{C52E2ADB-D51B-44FF-B02B-73DDF2F533EE}.Release|Any CPU.ActiveCfg = Release|Any CPU
		{C52E2ADB-D51B-44FF-B02B-73DDF2F533EE}.Release|Any CPU.Build.0 = Release|Any CPU
		{FF8E5588-4CC7-4450-89DE-EE4C817446B8}.Debug|Any CPU.ActiveCfg = Debug|Any CPU
		{FF8E5588-4CC7-4450-89DE-EE4C817446B8}.Debug|Any CPU.Build.0 = Debug|Any CPU
		{FF8E5588-4CC7-4450-89DE-EE4C817446B8}.Release|Any CPU.ActiveCfg = Release|Any CPU
		{FF8E5588-4CC7-4450-89DE-EE4C817446B8}.Release|Any CPU.Build.0 = Release|Any CPU
	EndGlobalSection
	GlobalSection(SolutionProperties) = preSolution
		HideSolutionNode = FALSE
	EndGlobalSection
EndGlobal
